
Microsoft Visual Studio Solution File, Format Version 11.00
# Visual C# Express 2010
Project("{FAE04EC0-301F-11D3-BF4B-00C04F79EFBC}") = "WatchItOnce", "WaitchItOnce\WatchItOnce.csproj", "{519B1B35-A242-43A8-9B48-BFD7DE9D038A}"
EndProject
Project("{FAE04EC0-301F-11D3-BF4B-00C04F79EFBC}") = "LibVlcWrapper", "LibVlcWrapper\LibVlcWrapper.csproj", "{57F08087-B175-4C96-BE36-83FBC4A21065}"
EndProject
Global
	GlobalSection(SolutionConfigurationPlatforms) = preSolution
		Debug|Any CPU = Debug|Any CPU
		Debug|x86 = Debug|x86
		Release|Any CPU = Release|Any CPU
		Release|x86 = Release|x86
	EndGlobalSection
	GlobalSection(ProjectConfigurationPlatforms) = postSolution
		{519B1B35-A242-43A8-9B48-BFD7DE9D038A}.Debug|Any CPU.ActiveCfg = Debug|x86
		{519B1B35-A242-43A8-9B48-BFD7DE9D038A}.Debug|x86.ActiveCfg = Debug|x86
		{519B1B35-A242-43A8-9B48-BFD7DE9D038A}.Debug|x86.Build.0 = Debug|x86
		{519B1B35-A242-43A8-9B48-BFD7DE9D038A}.Release|Any CPU.ActiveCfg = Release|x86
		{519B1B35-A242-43A8-9B48-BFD7DE9D038A}.Release|x86.ActiveCfg = Release|x86
		{519B1B35-A242-43A8-9B48-BFD7DE9D038A}.Release|x86.Build.0 = Release|x86
		{57F08087-B175-4C96-BE36-83FBC4A21065}.Debug|Any CPU.ActiveCfg = Debug|Any CPU
		{57F08087-B175-4C96-BE36-83FBC4A21065}.Debug|Any CPU.Build.0 = Debug|Any CPU
		{57F08087-B175-4C96-BE36-83FBC4A21065}.Debug|x86.ActiveCfg = Debug|x86
		{57F08087-B175-4C96-BE36-83FBC4A21065}.Debug|x86.Build.0 = Debug|x86
		{57F08087-B175-4C96-BE36-83FBC4A21065}.Release|Any CPU.ActiveCfg = Release|Any CPU
		{57F08087-B175-4C96-BE36-83FBC4A21065}.Release|Any CPU.Build.0 = Release|Any CPU
		{57F08087-B175-4C96-BE36-83FBC4A21065}.Release|x86.ActiveCfg = Release|x86
		{57F08087-B175-4C96-BE36-83FBC4A21065}.Release|x86.Build.0 = Release|x86
	EndGlobalSection
	GlobalSection(SolutionProperties) = preSolution
		HideSolutionNode = FALSE
	EndGlobalSection
EndGlobal
