
Microsoft Visual Studio Solution File, Format Version 12.00
# Visual Studio Version 17
VisualStudioVersion = 17.4.33205.214
MinimumVisualStudioVersion = 10.0.40219.1
Project("{FAE04EC0-301F-11D3-BF4B-00C04F79EFBC}") = "WatchItOnce", "WatchItOnce\WatchItOnce.csproj", "{519B1B35-A242-43A8-9B48-BFD7DE9D038A}"
EndProject
Project("{FAE04EC0-301F-11D3-BF4B-00C04F79EFBC}") = "LibVlcWrapper", "LibVlcWrapper\LibVlcWrapper.csproj", "{57F08087-B175-4C96-BE36-83FBC4A21065}"
EndProject
Project("{9A19103F-16F7-4668-BE54-9A1E7A4F7556}") = "WatchItOnceManager", "WatchItOnceManager\WatchItOnceManager.csproj", "{1F75D069-1C02-42D0-BFA0-A03D213BF8D5}"
EndProject
Project("{9A19103F-16F7-4668-BE54-9A1E7A4F7556}") = "WatchItOnceCore", "WatchItOnceCore\WatchItOnceCore.csproj", "{E11F7382-3A88-437B-94ED-7BF36B0B51B7}"
EndProject
Project("{FAE04EC0-301F-11D3-BF4B-00C04F79EFBC}") = "WatchItOnceCore.Tests", "WatchItOnceCore.Tests\WatchItOnceCore.Tests.csproj", "{2B4E43B8-8DDB-41B5-866C-573E7A63328F}"
EndProject
Global
	GlobalSection(SolutionConfigurationPlatforms) = preSolution
		Debug|Any CPU = Debug|Any CPU
		Debug|x86 = Debug|x86
		Release|Any CPU = Release|Any CPU
		Release|x86 = Release|x86
	EndGlobalSection
	GlobalSection(ProjectConfigurationPlatforms) = postSolution
		{519B1B35-A242-43A8-9B48-BFD7DE9D038A}.Debug|Any CPU.ActiveCfg = Debug|x86
		{519B1B35-A242-43A8-9B48-BFD7DE9D038A}.Debug|Any CPU.Build.0 = Debug|x86
		{519B1B35-A242-43A8-9B48-BFD7DE9D038A}.Debug|x86.ActiveCfg = Debug|x86
		{519B1B35-A242-43A8-9B48-BFD7DE9D038A}.Debug|x86.Build.0 = Debug|x86
		{519B1B35-A242-43A8-9B48-BFD7DE9D038A}.Release|Any CPU.ActiveCfg = Release|x86
		{519B1B35-A242-43A8-9B48-BFD7DE9D038A}.Release|Any CPU.Build.0 = Release|x86
		{519B1B35-A242-43A8-9B48-BFD7DE9D038A}.Release|x86.ActiveCfg = Release|x86
		{519B1B35-A242-43A8-9B48-BFD7DE9D038A}.Release|x86.Build.0 = Release|x86
		{57F08087-B175-4C96-BE36-83FBC4A21065}.Debug|Any CPU.ActiveCfg = Debug|Any CPU
		{57F08087-B175-4C96-BE36-83FBC4A21065}.Debug|Any CPU.Build.0 = Debug|Any CPU
		{57F08087-B175-4C96-BE36-83FBC4A21065}.Debug|x86.ActiveCfg = Debug|x86
		{57F08087-B175-4C96-BE36-83FBC4A21065}.Debug|x86.Build.0 = Debug|x86
		{57F08087-B175-4C96-BE36-83FBC4A21065}.Release|Any CPU.ActiveCfg = Release|x86
		{57F08087-B175-4C96-BE36-83FBC4A21065}.Release|Any CPU.Build.0 = Release|x86
		{57F08087-B175-4C96-BE36-83FBC4A21065}.Release|x86.ActiveCfg = Release|x86
		{57F08087-B175-4C96-BE36-83FBC4A21065}.Release|x86.Build.0 = Release|x86
		{1F75D069-1C02-42D0-BFA0-A03D213BF8D5}.Debug|Any CPU.ActiveCfg = Debug|Any CPU
		{1F75D069-1C02-42D0-BFA0-A03D213BF8D5}.Debug|Any CPU.Build.0 = Debug|Any CPU
		{1F75D069-1C02-42D0-BFA0-A03D213BF8D5}.Debug|x86.ActiveCfg = Debug|Any CPU
		{1F75D069-1C02-42D0-BFA0-A03D213BF8D5}.Debug|x86.Build.0 = Debug|Any CPU
		{1F75D069-1C02-42D0-BFA0-A03D213BF8D5}.Release|Any CPU.ActiveCfg = Release|Any CPU
		{1F75D069-1C02-42D0-BFA0-A03D213BF8D5}.Release|Any CPU.Build.0 = Release|Any CPU
		{1F75D069-1C02-42D0-BFA0-A03D213BF8D5}.Release|x86.ActiveCfg = Release|Any CPU
		{1F75D069-1C02-42D0-BFA0-A03D213BF8D5}.Release|x86.Build.0 = Release|Any CPU
		{E11F7382-3A88-437B-94ED-7BF36B0B51B7}.Debug|Any CPU.ActiveCfg = Debug|Any CPU
		{E11F7382-3A88-437B-94ED-7BF36B0B51B7}.Debug|Any CPU.Build.0 = Debug|Any CPU
		{E11F7382-3A88-437B-94ED-7BF36B0B51B7}.Debug|x86.ActiveCfg = Debug|Any CPU
		{E11F7382-3A88-437B-94ED-7BF36B0B51B7}.Debug|x86.Build.0 = Debug|Any CPU
		{E11F7382-3A88-437B-94ED-7BF36B0B51B7}.Release|Any CPU.ActiveCfg = Release|Any CPU
		{E11F7382-3A88-437B-94ED-7BF36B0B51B7}.Release|Any CPU.Build.0 = Release|Any CPU
		{E11F7382-3A88-437B-94ED-7BF36B0B51B7}.Release|x86.ActiveCfg = Release|Any CPU
		{E11F7382-3A88-437B-94ED-7BF36B0B51B7}.Release|x86.Build.0 = Release|Any CPU
		{2B4E43B8-8DDB-41B5-866C-573E7A63328F}.Debug|Any CPU.ActiveCfg = Debug|Any CPU
		{2B4E43B8-8DDB-41B5-866C-573E7A63328F}.Debug|Any CPU.Build.0 = Debug|Any CPU
		{2B4E43B8-8DDB-41B5-866C-573E7A63328F}.Debug|x86.ActiveCfg = Debug|Any CPU
		{2B4E43B8-8DDB-41B5-866C-573E7A63328F}.Debug|x86.Build.0 = Debug|Any CPU
		{2B4E43B8-8DDB-41B5-866C-573E7A63328F}.Release|Any CPU.ActiveCfg = Release|Any CPU
		{2B4E43B8-8DDB-41B5-866C-573E7A63328F}.Release|Any CPU.Build.0 = Release|Any CPU
		{2B4E43B8-8DDB-41B5-866C-573E7A63328F}.Release|x86.ActiveCfg = Release|Any CPU
		{2B4E43B8-8DDB-41B5-866C-573E7A63328F}.Release|x86.Build.0 = Release|Any CPU
	EndGlobalSection
	GlobalSection(SolutionProperties) = preSolution
		HideSolutionNode = FALSE
	EndGlobalSection
	GlobalSection(ExtensibilityGlobals) = postSolution
		SolutionGuid = {DC0D45E3-B404-467E-8CB1-DFD7F6BB2C32}
	EndGlobalSection
EndGlobal
